
Microsoft Visual Studio Solution File, Format Version 12.00
# Visual Studio 15
VisualStudioVersion = 15.0.28307.168
MinimumVisualStudioVersion = 10.0.40219.1
Project("{8BC9CEB8-8B4A-11D0-8D11-00A0C91BC942}") = "MFC_Chapter_27_12", "MFC_Chapter_27_12\MFC_Chapter_27_12.vcxproj", "{7AFECB4B-8918-48F9-A631-6B173C5F825D}"
EndProject
Global
	GlobalSection(SolutionConfigurationPlatforms) = preSolution
		Debug|x64 = Debug|x64
		Debug|x86 = Debug|x86
		Release|x64 = Release|x64
		Release|x86 = Release|x86
	EndGlobalSection
	GlobalSection(ProjectConfigurationPlatforms) = postSolution
		{7AFECB4B-8918-48F9-A631-6B173C5F825D}.Debug|x64.ActiveCfg = Debug|x64
		{7AFECB4B-8918-48F9-A631-6B173C5F825D}.Debug|x64.Build.0 = Debug|x64
		{7AFECB4B-8918-48F9-A631-6B173C5F825D}.Debug|x86.ActiveCfg = Debug|Win32
		{7AFECB4B-8918-48F9-A631-6B173C5F825D}.Debug|x86.Build.0 = Debug|Win32
		{7AFECB4B-8918-48F9-A631-6B173C5F825D}.Release|x64.ActiveCfg = Release|x64
		{7AFECB4B-8918-48F9-A631-6B173C5F825D}.Release|x64.Build.0 = Release|x64
		{7AFECB4B-8918-48F9-A631-6B173C5F825D}.Release|x86.ActiveCfg = Release|Win32
		{7AFECB4B-8918-48F9-A631-6B173C5F825D}.Release|x86.Build.0 = Release|Win32
	EndGlobalSection
	GlobalSection(SolutionProperties) = preSolution
		HideSolutionNode = FALSE
	EndGlobalSection
	GlobalSection(ExtensibilityGlobals) = postSolution
		SolutionGuid = {230A5B51-858F-4480-8869-EE000D1F3B53}
	EndGlobalSection
EndGlobal
